
Microsoft Visual Studio Solution File, Format Version 12.00
# Visual Studio 14
VisualStudioVersion = 14.0.25420.1
MinimumVisualStudioVersion = 10.0.40219.1
Project("{8BC9CEB8-8B4A-11D0-8D11-00A0C91BC942}") = "aruco_editor_plugin", "editor\aruco_editor_plugin.vcxproj", "{6E28F908-E967-4C10-B3F0-D4C9F137CEFA}"
EndProject
Project("{8BC9CEB8-8B4A-11D0-8D11-00A0C91BC942}") = "aruco_hololens_plugin", "hololens\aruco_hololens_plugin.vcxproj", "{4A2836F8-31BE-4B2F-BF3C-DF9214B8E9F1}"
EndProject
Global
	GlobalSection(SolutionConfigurationPlatforms) = preSolution
		Debug|ARM = Debug|ARM
		Debug|x64 = Debug|x64
		Debug|x86 = Debug|x86
		Release|ARM = Release|ARM
		Release|x64 = Release|x64
		Release|x86 = Release|x86
	EndGlobalSection
	GlobalSection(ProjectConfigurationPlatforms) = postSolution
		{6E28F908-E967-4C10-B3F0-D4C9F137CEFA}.Debug|ARM.ActiveCfg = Debug|Win32
		{6E28F908-E967-4C10-B3F0-D4C9F137CEFA}.Debug|x64.ActiveCfg = Debug|x64
		{6E28F908-E967-4C10-B3F0-D4C9F137CEFA}.Debug|x64.Build.0 = Debug|x64
		{6E28F908-E967-4C10-B3F0-D4C9F137CEFA}.Debug|x86.ActiveCfg = Debug|Win32
		{6E28F908-E967-4C10-B3F0-D4C9F137CEFA}.Debug|x86.Build.0 = Debug|Win32
		{6E28F908-E967-4C10-B3F0-D4C9F137CEFA}.Release|ARM.ActiveCfg = Release|Win32
		{6E28F908-E967-4C10-B3F0-D4C9F137CEFA}.Release|x64.ActiveCfg = Release|x64
		{6E28F908-E967-4C10-B3F0-D4C9F137CEFA}.Release|x64.Build.0 = Release|x64
		{6E28F908-E967-4C10-B3F0-D4C9F137CEFA}.Release|x86.ActiveCfg = Release|Win32
		{6E28F908-E967-4C10-B3F0-D4C9F137CEFA}.Release|x86.Build.0 = Release|Win32
		{4A2836F8-31BE-4B2F-BF3C-DF9214B8E9F1}.Debug|ARM.ActiveCfg = Debug|ARM
		{4A2836F8-31BE-4B2F-BF3C-DF9214B8E9F1}.Debug|ARM.Build.0 = Debug|ARM
		{4A2836F8-31BE-4B2F-BF3C-DF9214B8E9F1}.Debug|x64.ActiveCfg = Debug|x64
		{4A2836F8-31BE-4B2F-BF3C-DF9214B8E9F1}.Debug|x64.Build.0 = Debug|x64
		{4A2836F8-31BE-4B2F-BF3C-DF9214B8E9F1}.Debug|x86.ActiveCfg = Debug|Win32
		{4A2836F8-31BE-4B2F-BF3C-DF9214B8E9F1}.Debug|x86.Build.0 = Debug|Win32
		{4A2836F8-31BE-4B2F-BF3C-DF9214B8E9F1}.Release|ARM.ActiveCfg = Release|ARM
		{4A2836F8-31BE-4B2F-BF3C-DF9214B8E9F1}.Release|ARM.Build.0 = Release|ARM
		{4A2836F8-31BE-4B2F-BF3C-DF9214B8E9F1}.Release|x64.ActiveCfg = Release|Win32
		{4A2836F8-31BE-4B2F-BF3C-DF9214B8E9F1}.Release|x64.Build.0 = Release|Win32
		{4A2836F8-31BE-4B2F-BF3C-DF9214B8E9F1}.Release|x86.ActiveCfg = Release|Win32
		{4A2836F8-31BE-4B2F-BF3C-DF9214B8E9F1}.Release|x86.Build.0 = Release|Win32
	EndGlobalSection
	GlobalSection(SolutionProperties) = preSolution
		HideSolutionNode = FALSE
	EndGlobalSection
EndGlobal
